// !$*UTF8*$!
{
	archiveVersion = 1;
	classes = {
	};
	objectVersion = 50;
	objects = {

/* Begin PBXBuildFile section */
		C330A29C23C6AC3200326E38 /* AppDelegate.swift in Sources */ = {isa = PBXBuildFile; fileRef = C330A29B23C6AC3200326E38 /* AppDelegate.swift */; };
		C330A29E23C6AC3200326E38 /* SceneDelegate.swift in Sources */ = {isa = PBXBuildFile; fileRef = C330A29D23C6AC3200326E38 /* SceneDelegate.swift */; };
		C330A2A023C6AC3200326E38 /* ContentView.swift in Sources */ = {isa = PBXBuildFile; fileRef = C330A29F23C6AC3200326E38 /* ContentView.swift */; };
		C330A2A223C6AC4000326E38 /* Assets.xcassets in Resources */ = {isa = PBXBuildFile; fileRef = C330A2A123C6AC4000326E38 /* Assets.xcassets */; };
		C330A2A523C6AC4000326E38 /* Preview Assets.xcassets in Resources */ = {isa = PBXBuildFile; fileRef = C330A2A423C6AC4000326E38 /* Preview Assets.xcassets */; };
		C330A2A823C6AC4000326E38 /* LaunchScreen.storyboard in Resources */ = {isa = PBXBuildFile; fileRef = C330A2A623C6AC4000326E38 /* LaunchScreen.storyboard */; };
/* End PBXBuildFile section */

/* Begin PBXFileReference section */
		C330A29823C6AC3100326E38 /* GuessThatWaifu.app */ = {isa = PBXFileReference; explicitFileType = wrapper.application; includeInIndex = 0; path = GuessThatWaifu.app; sourceTree = BUILT_PRODUCTS_DIR; };
		C330A29B23C6AC3200326E38 /* AppDelegate.swift */ = {isa = PBXFileReference; lastKnownFileType = sourcecode.swift; path = AppDelegate.swift; sourceTree = "<group>"; };
		C330A29D23C6AC3200326E38 /* SceneDelegate.swift */ = {isa = PBXFileReference; lastKnownFileType = sourcecode.swift; path = SceneDelegate.swift; sourceTree = "<group>"; };
		C330A29F23C6AC3200326E38 /* ContentView.swift */ = {isa = PBXFileReference; lastKnownFileType = sourcecode.swift; path = ContentView.swift; sourceTree = "<group>"; };
		C330A2A123C6AC4000326E38 /* Assets.xcassets */ = {isa = PBXFileReference; lastKnownFileType = folder.assetcatalog; path = Assets.xcassets; sourceTree = "<group>"; };
		C330A2A423C6AC4000326E38 /* Preview Assets.xcassets */ = {isa = PBXFileReference; lastKnownFileType = folder.assetcatalog; path = "Preview Assets.xcassets"; sourceTree = "<group>"; };
		C330A2A723C6AC4000326E38 /* Base */ = {isa = PBXFileReference; lastKnownFileType = file.storyboard; name = Base; path = Base.lproj/LaunchScreen.storyboard; sourceTree = "<group>"; };
		C330A2A923C6AC4000326E38 /* Info.plist */ = {isa = PBXFileReference; lastKnownFileType = text.plist.xml; path = Info.plist; sourceTree = "<group>"; };
/* End PBXFileReference section */

/* Begin PBXFrameworksBuildPhase section */
		C330A29523C6AC3100326E38 /* Frameworks */ = {
			isa = PBXFrameworksBuildPhase;
			buildActionMask = 2147483647;
			files = (
			);
			runOnlyForDeploymentPostprocessing = 0;
		};
/* End PBXFrameworksBuildPhase section */

/* Begin PBXGroup section */
		C330A28F23C6AC3100326E38 = {
			isa = PBXGroup;
			children = (
				C330A29A23C6AC3200326E38 /* GuessThatWaifu */,
				C330A29923C6AC3100326E38 /* Products */,
			);
			sourceTree = "<group>";
		};
		C330A29923C6AC3100326E38 /* Products */ = {
			isa = PBXGroup;
			children = (
				C330A29823C6AC3100326E38 /* GuessThatWaifu.app */,
			);
			name = Products;
			sourceTree = "<group>";
		};
		C330A29A23C6AC3200326E38 /* GuessThatWaifu */ = {
			isa = PBXGroup;
			children = (
				C330A29B23C6AC3200326E38 /* AppDelegate.swift */,
				C330A29D23C6AC3200326E38 /* SceneDelegate.swift */,
				C330A29F23C6AC3200326E38 /* ContentView.swift */,
				C330A2A123C6AC4000326E38 /* Assets.xcassets */,
				C330A2A623C6AC4000326E38 /* LaunchScreen.storyboard */,
				C330A2A923C6AC4000326E38 /* Info.plist */,
				C330A2A323C6AC4000326E38 /* Preview Content */,
			);
			path = GuessThatWaifu;
			sourceTree = "<group>";
		};
		C330A2A323C6AC4000326E38 /* Preview Content */ = {
			isa = PBXGroup;
			children = (
				C330A2A423C6AC4000326E38 /* Preview Assets.xcassets */,
			);
			path = "Preview Content";
			sourceTree = "<group>";
		};
/* End PBXGroup section */

/* Begin PBXNativeTarget section */
		C330A29723C6AC3100326E38 /* GuessThatWaifu */ = {
			isa = PBXNativeTarget;
			buildConfigurationList = C330A2AC23C6AC4000326E38 /* Build configuration list for PBXNativeTarget "GuessThatWaifu" */;
			buildPhases = (
				C330A29423C6AC3100326E38 /* Sources */,
				C330A29523C6AC3100326E38 /* Frameworks */,
				C330A29623C6AC3100326E38 /* Resources */,
			);
			buildRules = (
			);
			dependencies = (
			);
			name = GuessThatWaifu;
			productName = GuessThatWaifu;
			productReference = C330A29823C6AC3100326E38 /* GuessThatWaifu.app */;
			productType = "com.apple.product-type.application";
		};
/* End PBXNativeTarget section */

/* Begin PBXProject section */
		C330A29023C6AC3100326E38 /* Project object */ = {
			isa = PBXProject;
			attributes = {
				LastSwiftUpdateCheck = 1130;
				LastUpgradeCheck = 1130;
				ORGANIZATIONNAME = "Caleb Wheeler";
				TargetAttributes = {
					C330A29723C6AC3100326E38 = {
						CreatedOnToolsVersion = 11.3;
					};
				};
			};
			buildConfigurationList = C330A29323C6AC3100326E38 /* Build configuration list for PBXProject "GuessThatWaifu" */;
			compatibilityVersion = "Xcode 9.3";
			developmentRegion = en;
			hasScannedForEncodings = 0;
			knownRegions = (
				en,
				Base,
			);
			mainGroup = C330A28F23C6AC3100326E38;
			productRefGroup = C330A29923C6AC3100326E38 /* Products */;
			projectDirPath = "";
			projectRoot = "";
			targets = (
				C330A29723C6AC3100326E38 /* GuessThatWaifu */,
			);
		};
/* End PBXProject section */

/* Begin PBXResourcesBuildPhase section */
		C330A29623C6AC3100326E38 /* Resources */ = {
			isa = PBXResourcesBuildPhase;
			buildActionMask = 2147483647;
			files = (
				C330A2A823C6AC4000326E38 /* LaunchScreen.storyboard in Resources */,
				C330A2A523C6AC4000326E38 /* Preview Assets.xcassets in Resources */,
				C330A2A223C6AC4000326E38 /* Assets.xcassets in Resources */,
			);
			runOnlyForDeploymentPostprocessing = 0;
		};
/* End PBXResourcesBuildPhase section */

/* Begin PBXSourcesBuildPhase section */
		C330A29423C6AC3100326E38 /* Sources */ = {
			isa = PBXSourcesBuildPhase;
			buildActionMask = 2147483647;
			files = (
				C330A29C23C6AC3200326E38 /* AppDelegate.swift in Sources */,
				C330A29E23C6AC3200326E38 /* SceneDelegate.swift in Sources */,
				C330A2A023C6AC3200326E38 /* ContentView.swift in Sources */,
			);
			runOnlyForDeploymentPostprocessing = 0;
		};
/* End PBXSourcesBuildPhase section */

/* Begin PBXVariantGroup section */
		C330A2A623C6AC4000326E38 /* LaunchScreen.storyboard */ = {
			isa = PBXVariantGroup;
			children = (
				C330A2A723C6AC4000326E38 /* Base */,
			);
			name = LaunchScreen.storyboard;
			sourceTree = "<group>";
		};
/* End PBXVariantGroup section */

/* Begin XCBuildConfiguration section */
		C330A2AA23C6AC4000326E38 /* Debug */ = {
			isa = XCBuildConfiguration;
			buildSettings = {
				ALWAYS_SEARCH_USER_PATHS = NO;
				CLANG_ANALYZER_NONNULL = YES;
				CLANG_ANALYZER_NUMBER_OBJECT_CONVERSION = YES_AGGRESSIVE;
				CLANG_CXX_LANGUAGE_STANDARD = "gnu++14";
				CLANG_CXX_LIBRARY = "libc++";
				CLANG_ENABLE_MODULES = YES;
				CLANG_ENABLE_OBJC_ARC = YES;
				CLANG_ENABLE_OBJC_WEAK = YES;
				CLANG_WARN_BLOCK_CAPTURE_AUTORELEASING = YES;
				CLANG_WARN_BOOL_CONVERSION = YES;
				CLANG_WARN_COMMA = YES;
				CLANG_WARN_CONSTANT_CONVERSION = YES;
				CLANG_WARN_DEPRECATED_OBJC_IMPLEMENTATIONS = YES;
				CLANG_WARN_DIRECT_OBJC_ISA_USAGE = YES_ERROR;
				CLANG_WARN_DOCUMENTATION_COMMENTS = YES;
				CLANG_WARN_EMPTY_BODY = YES;
				CLANG_WARN_ENUM_CONVERSION = YES;
				CLANG_WARN_INFINITE_RECURSION = YES;
				CLANG_WARN_INT_CONVERSION = YES;
				CLANG_WARN_NON_LITERAL_NULL_CONVERSION = YES;
				CLANG_WARN_OBJC_IMPLICIT_RETAIN_SELF = YES;
				CLANG_WARN_OBJC_LITERAL_CONVERSION = YES;
				CLANG_WARN_OBJC_ROOT_CLASS = YES_ERROR;
				CLANG_WARN_RANGE_LOOP_ANALYSIS = YES;
				CLANG_WARN_STRICT_PROTOTYPES = YES;
				CLANG_WARN_SUSPICIOUS_MOVE = YES;
				CLANG_WARN_UNGUARDED_AVAILABILITY = YES_AGGRESSIVE;
				CLANG_WARN_UNREACHABLE_CODE = YES;
				CLANG_WARN__DUPLICATE_METHOD_MATCH = YES;
				COPY_PHASE_STRIP = NO;
				DEBUG_INFORMATION_FORMAT = dwarf;
				ENABLE_STRICT_OBJC_MSGSEND = YES;
				ENABLE_TESTABILITY = YES;
				GCC_C_LANGUAGE_STANDARD = gnu11;
				GCC_DYNAMIC_NO_PIC = NO;
				GCC_NO_COMMON_BLOCKS = YES;
				GCC_OPTIMIZATION_LEVEL = 0;
				GCC_PREPROCESSOR_DEFINITIONS = (
					"DEBUG=1",
					"$(inherited)",
				);
				GCC_WARN_64_TO_32_BIT_CONVERSION = YES;
				GCC_WARN_ABOUT_RETURN_TYPE = YES_ERROR;
				GCC_WARN_UNDECLARED_SELECTOR = YES;
				GCC_WARN_UNINITIALIZED_AUTOS = YES_AGGRESSIVE;
				GCC_WARN_UNUSED_FUNCTION = YES;
				GCC_WARN_UNUSED_VARIABLE = YES;
				IPHONEOS_DEPLOYMENT_TARGET = 13.2;
				MTL_ENABLE_DEBUG_INFO = INCLUDE_SOURCE;
				MTL_FAST_MATH = YES;
				ONLY_ACTIVE_ARCH = YES;
				SDKROOT = iphoneos;
				SWIFT_ACTIVE_COMPILATION_CONDITIONS = DEBUG;
				SWIFT_OPTIMIZATION_LEVEL = "-Onone";
			};
			name = Debug;
		};
		C330A2AB23C6AC4000326E38 /* Release */ = {
			isa = XCBuildConfiguration;
			buildSettings = {
				ALWAYS_SEARCH_USER_PATHS = NO;
				CLANG_ANALYZER_NONNULL = YES;
				CLANG_ANALYZER_NUMBER_OBJECT_CONVERSION = YES_AGGRESSIVE;
				CLANG_CXX_LANGUAGE_STANDARD = "gnu++14";
				CLANG_CXX_LIBRARY = "libc++";
				CLANG_ENABLE_MODULES = YES;
				CLANG_ENABLE_OBJC_ARC = YES;
				CLANG_ENABLE_OBJC_WEAK = YES;
				CLANG_WARN_BLOCK_CAPTURE_AUTORELEASING = YES;
				CLANG_WARN_BOOL_CONVERSION = YES;
				CLANG_WARN_COMMA = YES;
				CLANG_WARN_CONSTANT_CONVERSION = YES;
				CLANG_WARN_DEPRECATED_OBJC_IMPLEMENTATIONS = YES;
				CLANG_WARN_DIRECT_OBJC_ISA_USAGE = YES_ERROR;
				CLANG_WARN_DOCUMENTATION_COMMENTS = YES;
				CLANG_WARN_EMPTY_BODY = YES;
				CLANG_WARN_ENUM_CONVERSION = YES;
				CLANG_WARN_INFINITE_RECURSION = YES;
				CLANG_WARN_INT_CONVERSION = YES;
				CLANG_WARN_NON_LITERAL_NULL_CONVERSION = YES;
				CLANG_WARN_OBJC_IMPLICIT_RETAIN_SELF = YES;
				CLANG_WARN_OBJC_LITERAL_CONVERSION = YES;
				CLANG_WARN_OBJC_ROOT_CLASS = YES_ERROR;
				CLANG_WARN_RANGE_LOOP_ANALYSIS = YES;
				CLANG_WARN_STRICT_PROTOTYPES = YES;
				CLANG_WARN_SUSPICIOUS_MOVE = YES;
				CLANG_WARN_UNGUARDED_AVAILABILITY = YES_AGGRESSIVE;
				CLANG_WARN_UNREACHABLE_CODE = YES;
				CLANG_WARN__DUPLICATE_METHOD_MATCH = YES;
				COPY_PHASE_STRIP = NO;
				DEBUG_INFORMATION_FORMAT = "dwarf-with-dsym";
				ENABLE_NS_ASSERTIONS = NO;
				ENABLE_STRICT_OBJC_MSGSEND = YES;
				GCC_C_LANGUAGE_STANDARD = gnu11;
				GCC_NO_COMMON_BLOCKS = YES;
				GCC_WARN_64_TO_32_BIT_CONVERSION = YES;
				GCC_WARN_ABOUT_RETURN_TYPE = YES_ERROR;
				GCC_WARN_UNDECLARED_SELECTOR = YES;
				GCC_WARN_UNINITIALIZED_AUTOS = YES_AGGRESSIVE;
				GCC_WARN_UNUSED_FUNCTION = YES;
				GCC_WARN_UNUSED_VARIABLE = YES;
				IPHONEOS_DEPLOYMENT_TARGET = 13.2;
				MTL_ENABLE_DEBUG_INFO = NO;
				MTL_FAST_MATH = YES;
				SDKROOT = iphoneos;
				SWIFT_COMPILATION_MODE = wholemodule;
				SWIFT_OPTIMIZATION_LEVEL = "-O";
				VALIDATE_PRODUCT = YES;
			};
			name = Release;
		};
		C330A2AD23C6AC4000326E38 /* Debug */ = {
			isa = XCBuildConfiguration;
			buildSettings = {
				ASSETCATALOG_COMPILER_APPICON_NAME = AppIcon;
				CODE_SIGN_STYLE = Automatic;
				DEVELOPMENT_ASSET_PATHS = "\"GuessThatWaifu/Preview Content\"";
				DEVELOPMENT_TEAM = MMZA244CU5;
				ENABLE_PREVIEWS = YES;
				INFOPLIST_FILE = GuessThatWaifu/Info.plist;
				LD_RUNPATH_SEARCH_PATHS = (
					"$(inherited)",
					"@executable_path/Frameworks",
				);
				PRODUCT_BUNDLE_IDENTIFIER = com.CalebsEpic.GuessThatWaifu;
				PRODUCT_NAME = "$(TARGET_NAME)";
				SWIFT_VERSION = 5.0;
				TARGETED_DEVICE_FAMILY = "1,2";
			};
			name = Debug;
		};
		C330A2AE23C6AC4000326E38 /* Release */ = {
			isa = XCBuildConfiguration;
			buildSettings = {
				ASSETCATALOG_COMPILER_APPICON_NAME = AppIcon;
				CODE_SIGN_STYLE = Automatic;
				DEVELOPMENT_ASSET_PATHS = "\"GuessThatWaifu/Preview Content\"";
				DEVELOPMENT_TEAM = MMZA244CU5;
				ENABLE_PREVIEWS = YES;
				INFOPLIST_FILE = GuessThatWaifu/Info.plist;
				LD_RUNPATH_SEARCH_PATHS = (
					"$(inherited)",
					"@executable_path/Frameworks",
				);
				PRODUCT_BUNDLE_IDENTIFIER = com.CalebsEpic.GuessThatWaifu;
				PRODUCT_NAME = "$(TARGET_NAME)";
				SWIFT_VERSION = 5.0;
				TARGETED_DEVICE_FAMILY = "1,2";
			};
			name = Release;
		};
/* End XCBuildConfiguration section */

/* Begin XCConfigurationList section */
		C330A29323C6AC3100326E38 /* Build configuration list for PBXProject "GuessThatWaifu" */ = {
			isa = XCConfigurationList;
			buildConfigurations = (
				C330A2AA23C6AC4000326E38 /* Debug */,
				C330A2AB23C6AC4000326E38 /* Release */,
			);
			defaultConfigurationIsVisible = 0;
			defaultConfigurationName = Release;
		};
		C330A2AC23C6AC4000326E38 /* Build configuration list for PBXNativeTarget "GuessThatWaifu" */ = {
			isa = XCConfigurationList;
			buildConfigurations = (
				C330A2AD23C6AC4000326E38 /* Debug */,
				C330A2AE23C6AC4000326E38 /* Release */,
			);
			defaultConfigurationIsVisible = 0;
			defaultConfigurationName = Release;
		};
/* End XCConfigurationList section */
	};
	rootObject = C330A29023C6AC3100326E38 /* Project object */;
}
